
Microsoft Visual Studio Solution File, Format Version 12.00
# Visual Studio Version 17
VisualStudioVersion = 17.9.34728.123
MinimumVisualStudioVersion = 10.0.40219.1
Project("{FAE04EC0-301F-11D3-BF4B-00C04F79EFBC}") = "ApiManagementService", "ApiManagementService\ApiManagementService.csproj", "{C18105B5-4E6F-474D-B425-32067D1FDF39}"
EndProject
Global
	GlobalSection(SolutionConfigurationPlatforms) = preSolution
		Debug|Any CPU = Debug|Any CPU
		Release|Any CPU = Release|Any CPU
	EndGlobalSection
	GlobalSection(ProjectConfigurationPlatforms) = postSolution
		{C18105B5-4E6F-474D-B425-32067D1FDF39}.Debug|Any CPU.ActiveCfg = Debug|Any CPU
		{C18105B5-4E6F-474D-B425-32067D1FDF39}.Debug|Any CPU.Build.0 = Debug|Any CPU
		{C18105B5-4E6F-474D-B425-32067D1FDF39}.Release|Any CPU.ActiveCfg = Release|Any CPU
		{C18105B5-4E6F-474D-B425-32067D1FDF39}.Release|Any CPU.Build.0 = Release|Any CPU
	EndGlobalSection
	GlobalSection(SolutionProperties) = preSolution
		HideSolutionNode = FALSE
	EndGlobalSection
	GlobalSection(ExtensibilityGlobals) = postSolution
		SolutionGuid = {2617D4E6-B151-4C30-A9D4-0D38B9F80148}
	EndGlobalSection
EndGlobal
